{
  "name": "language-bogl",
  "version": "0.1.4",
  "lockfileVersion": 1,
  "requires": true,
  "dependencies": {
    "nan": {
      "version": "2.14.2",
      "resolved": "https://registry.npmjs.org/nan/-/nan-2.14.2.tgz",
      "integrity": "sha512-M2ufzIiINKCuDfBSAUr1vWQ+vuVcA9kqx8JJUsbQi6yf1uGRyb7HfpdfUr5qLXf3B/t8dPvcjhKMmlfnP47EzQ=="
    },
    "tree-sitter-bogl": {
      "version": "0.3.11",
      "resolved": "https://registry.npmjs.org/tree-sitter-bogl/-/tree-sitter-bogl-0.3.11.tgz",
      "integrity": "sha512-YsLQqP6qhbbrxMD+wOMbZq81ifzGC0VI1ECWVUjd//LrdB/ZcvZtmnqQ2pHFIG+Gcj8KPAj8OcgyPbpp/DfJ7w==",
      "requires": {
        "nan": "^2.14.1"
      }
    }
  }
}
